
Microsoft Visual Studio Solution File, Format Version 12.00
# Visual Studio 15
VisualStudioVersion = 15.0.28307.539
MinimumVisualStudioVersion = 10.0.40219.1
Project("{2150E333-8FDC-42A3-9474-1A3956D46DE8}") = "Solution Items", "Solution Items", "{3D6DF2D7-A2B5-4D37-BB26-F83390D228D8}"
	ProjectSection(SolutionItems) = preProject
		azure-pipelines.yml = azure-pipelines.yml
		Directory.Build.props = Directory.Build.props
		LICENSE.md = LICENSE.md
		README.md = README.md
		version.json = version.json
	EndProjectSection
EndProject
Project("{9A19103F-16F7-4668-BE54-9A1E7A4F7556}") = "InitLocals", "src\InitLocals\InitLocals.csproj", "{B095BF2C-68BD-466E-A81C-33E422A1F483}"
EndProject
Project("{9A19103F-16F7-4668-BE54-9A1E7A4F7556}") = "InitLocals.Fody", "src\InitLocals.Fody\InitLocals.Fody.csproj", "{92522F36-C057-41F2-B385-A30A645A2BC3}"
EndProject
Project("{9A19103F-16F7-4668-BE54-9A1E7A4F7556}") = "InitLocals.Sample", "samples\InitLocals.Sample\InitLocals.Sample.csproj", "{74AF9DA7-F13E-447D-BC41-C975AB525A66}"
EndProject
Project("{9A19103F-16F7-4668-BE54-9A1E7A4F7556}") = "InitLocals.SmokeTest", "test\InitLocals.SmokeTest\InitLocals.SmokeTest.csproj", "{B6C2D8DB-3AE6-400F-B727-7CFE2FE03977}"
EndProject
Project("{9A19103F-16F7-4668-BE54-9A1E7A4F7556}") = "InitLocals.TestRunner", "test\InitLocals.TestRunner\InitLocals.TestRunner.csproj", "{7A9A325A-1CEA-4A2E-BFD5-37312D7A4B21}"
EndProject
Project("{9A19103F-16F7-4668-BE54-9A1E7A4F7556}") = "InitLocals.Tests", "test\InitLocals.Tests\InitLocals.Tests.csproj", "{F00FFE65-D9C7-40D6-8797-E3C0381EF868}"
EndProject
Global
	GlobalSection(SolutionConfigurationPlatforms) = preSolution
		Debug|Any CPU = Debug|Any CPU
		Release|Any CPU = Release|Any CPU
	EndGlobalSection
	GlobalSection(ProjectConfigurationPlatforms) = postSolution
		{B095BF2C-68BD-466E-A81C-33E422A1F483}.Debug|Any CPU.ActiveCfg = Debug|Any CPU
		{B095BF2C-68BD-466E-A81C-33E422A1F483}.Debug|Any CPU.Build.0 = Debug|Any CPU
		{B095BF2C-68BD-466E-A81C-33E422A1F483}.Release|Any CPU.ActiveCfg = Release|Any CPU
		{B095BF2C-68BD-466E-A81C-33E422A1F483}.Release|Any CPU.Build.0 = Release|Any CPU
		{92522F36-C057-41F2-B385-A30A645A2BC3}.Debug|Any CPU.ActiveCfg = Debug|Any CPU
		{92522F36-C057-41F2-B385-A30A645A2BC3}.Debug|Any CPU.Build.0 = Debug|Any CPU
		{92522F36-C057-41F2-B385-A30A645A2BC3}.Release|Any CPU.ActiveCfg = Release|Any CPU
		{92522F36-C057-41F2-B385-A30A645A2BC3}.Release|Any CPU.Build.0 = Release|Any CPU
		{74AF9DA7-F13E-447D-BC41-C975AB525A66}.Debug|Any CPU.ActiveCfg = Debug|Any CPU
		{74AF9DA7-F13E-447D-BC41-C975AB525A66}.Release|Any CPU.ActiveCfg = Release|Any CPU
		{B6C2D8DB-3AE6-400F-B727-7CFE2FE03977}.Debug|Any CPU.ActiveCfg = Debug|Any CPU
		{B6C2D8DB-3AE6-400F-B727-7CFE2FE03977}.Debug|Any CPU.Build.0 = Debug|Any CPU
		{B6C2D8DB-3AE6-400F-B727-7CFE2FE03977}.Release|Any CPU.ActiveCfg = Release|Any CPU
		{B6C2D8DB-3AE6-400F-B727-7CFE2FE03977}.Release|Any CPU.Build.0 = Release|Any CPU
		{7A9A325A-1CEA-4A2E-BFD5-37312D7A4B21}.Debug|Any CPU.ActiveCfg = Debug|Any CPU
		{7A9A325A-1CEA-4A2E-BFD5-37312D7A4B21}.Debug|Any CPU.Build.0 = Debug|Any CPU
		{7A9A325A-1CEA-4A2E-BFD5-37312D7A4B21}.Release|Any CPU.ActiveCfg = Release|Any CPU
		{7A9A325A-1CEA-4A2E-BFD5-37312D7A4B21}.Release|Any CPU.Build.0 = Release|Any CPU
		{F00FFE65-D9C7-40D6-8797-E3C0381EF868}.Debug|Any CPU.ActiveCfg = Debug|Any CPU
		{F00FFE65-D9C7-40D6-8797-E3C0381EF868}.Debug|Any CPU.Build.0 = Debug|Any CPU
		{F00FFE65-D9C7-40D6-8797-E3C0381EF868}.Release|Any CPU.ActiveCfg = Release|Any CPU
		{F00FFE65-D9C7-40D6-8797-E3C0381EF868}.Release|Any CPU.Build.0 = Release|Any CPU
	EndGlobalSection
	GlobalSection(SolutionProperties) = preSolution
		HideSolutionNode = FALSE
	EndGlobalSection
	GlobalSection(ExtensibilityGlobals) = postSolution
		SolutionGuid = {66723950-1B47-4A59-947C-F45EB73A45FF}
	EndGlobalSection
EndGlobal
